{
  "nodes": {
    "flake-parts": {
      "inputs": {
        "nixpkgs-lib": [
          "nix-effects",
          "nix-unit",
          "nixpkgs"
        ]
      },
      "locked": {
        "lastModified": 1772408722,
        "narHash": "sha256-rHuJtdcOjK7rAHpHphUb1iCvgkU3GpfvicLMwwnfMT0=",
        "owner": "hercules-ci",
        "repo": "flake-parts",
        "rev": "f20dc5d9b8027381c474144ecabc9034d6a839a3",
        "type": "github"
      },
      "original": {
        "owner": "hercules-ci",
        "repo": "flake-parts",
        "type": "github"
      }
    },
    "nix-effects": {
      "inputs": {
        "nix-unit": "nix-unit",
        "nixpkgs": [
          "nixpkgs"
        ]
      },
      "locked": {
        "lastModified": 1779307220,
        "narHash": "sha256-gbMuA7Fg+dL/Gbbo/H/y+SndJrLZiVAZNMT5ETzLVXI=",
        "owner": "kleisli-io",
        "repo": "nix-effects",
        "rev": "e73b25092283f3bbd499cb8563447e5ee8a52732",
        "type": "github"
      },
      "original": {
        "owner": "kleisli-io",
        "repo": "nix-effects",
        "type": "github"
      }
    },
    "nix-unit": {
      "inputs": {
        "flake-parts": "flake-parts",
        "nix-github-actions": [
          "nix-effects"
        ],
        "nixpkgs": [
          "nix-effects",
          "nixpkgs"
        ],
        "treefmt-nix": [
          "nix-effects"
        ]
      },
      "locked": {
        "lastModified": 1762774186,
        "narHash": "sha256-hRADkHjNt41+JUHw2EiSkMaL4owL83g5ZppjYUdF/Dc=",
        "owner": "nix-community",
        "repo": "nix-unit",
        "rev": "1c9ab50554eed0b768f9e5b6f646d63c9673f0f7",
        "type": "github"
      },
      "original": {
        "owner": "nix-community",
        "repo": "nix-unit",
        "type": "github"
      }
    },
    "nix-unit_2": {
      "inputs": {
        "nix-github-actions": [],
        "nixpkgs": [
          "nixpkgs"
        ],
        "treefmt-nix": []
      },
      "locked": {
        "lastModified": 1778306706,
        "narHash": "sha256-68bQGOfejrJ6lqCk7IR4yfIFchSlAtN3diPc1imV+3k=",
        "owner": "nix-community",
        "repo": "nix-unit",
        "rev": "9317bef0ef5af9381902543e219a3c12d45cf5f6",
        "type": "github"
      },
      "original": {
        "owner": "nix-community",
        "repo": "nix-unit",
        "type": "github"
      }
    },
    "nixpkgs": {
      "locked": {
        "lastModified": 1778443072,
        "narHash": "sha256-zi7/fsqM/kFdNuED//4WOCUtezGtKKqRNORjMvfwjnA=",
        "owner": "NixOS",
        "repo": "nixpkgs",
        "rev": "da5ad661ba4e5ef59ba743f0d112cbc30e474f32",
        "type": "github"
      },
      "original": {
        "owner": "NixOS",
        "ref": "nixos-unstable",
        "repo": "nixpkgs",
        "type": "github"
      }
    },
    "root": {
      "inputs": {
        "nix-effects": "nix-effects",
        "nix-unit": "nix-unit_2",
        "nixpkgs": "nixpkgs"
      }
    }
  },
  "root": "root",
  "version": 7
}
